<?xml version="1.0" encoding="utf-8"?>
<Project ToolsVersion="4.0" xmlns="http://schemas.microsoft.com/developer/msbuild/2003">
  <ItemGroup>
    <Filter Include="源文件">
      <UniqueIdentifier>{4FC737F1-C7A5-4376-A066-2A32D752A2FF}</UniqueIdentifier>
      <Extensions>cpp;c;cc;cxx;def;odl;idl;hpj;bat;asm;asmx</Extensions>
    </Filter>
    <Filter Include="头文件">
      <UniqueIdentifier>{93995380-89BD-4b04-88EB-625FBE52EBFB}</UniqueIdentifier>
      <Extensions>h;hh;hpp;hxx;hm;inl;inc;xsd</Extensions>
    </Filter>
    <Filter Include="资源文件">
      <UniqueIdentifier>{67DA6AB6-F800-4c08-8B7A-83BB121AAD01}</UniqueIdentifier>
      <Extensions>rc;ico;cur;bmp;dlg;rc2;rct;bin;rgs;gif;jpg;jpeg;jpe;resx;tiff;tif;png;wav;mfcribbon-ms</Extensions>
    </Filter>
    <Filter Include="头文件\API">
      <UniqueIdentifier>{d1149895-cbf2-4ef3-ba54-7f14ecbcc642}</UniqueIdentifier>
    </Filter>
    <Filter Include="源文件\API">
      <UniqueIdentifier>{ab73ee2a-1ac0-4d6e-9cde-04185ae19132}</UniqueIdentifier>
    </Filter>
    <Filter Include="头文件\API\UI">
      <UniqueIdentifier>{aa5bef88-53bc-44ee-a846-3e88272c298c}</UniqueIdentifier>
    </Filter>
    <Filter Include="源文件\API\UI">
      <UniqueIdentifier>{47df1563-4f21-43b8-8efe-0753903f4dc6}</UniqueIdentifier>
    </Filter>
    <Filter Include="头文件\API\UI\InputDlg">
      <UniqueIdentifier>{63a15a0b-344d-4279-b0be-8c272df01b55}</UniqueIdentifier>
    </Filter>
    <Filter Include="头文件\API\UI\ListPage">
      <UniqueIdentifier>{3e0c44dc-8389-4d33-9840-82d370740555}</UniqueIdentifier>
    </Filter>
    <Filter Include="源文件\API\UI\InputDlg">
      <UniqueIdentifier>{c55fa0a1-ffc7-4ce4-9fcd-95f6b3563dd0}</UniqueIdentifier>
    </Filter>
    <Filter Include="源文件\API\UI\ListPage">
      <UniqueIdentifier>{2020d277-a4ca-48df-9228-27aae820e179}</UniqueIdentifier>
    </Filter>
    <Filter Include="头文件\API\UI\DlgBase">
      <UniqueIdentifier>{d33dc701-0b1a-4f05-99b9-e6e1d283ab2c}</UniqueIdentifier>
    </Filter>
    <Filter Include="源文件\API\UI\DlgBase">
      <UniqueIdentifier>{87ec2e7f-cfcb-4973-8fb6-be2377cbbabc}</UniqueIdentifier>
    </Filter>
  </ItemGroup>
  <ItemGroup>
    <ClCompile Include="Helper.cpp">
      <Filter>源文件</Filter>
    </ClCompile>
    <ClCompile Include="dllmain.cpp">
      <Filter>源文件</Filter>
    </ClCompile>
    <ClCompile Include="stdafx.cpp">
      <Filter>源文件</Filter>
    </ClCompile>
    <ClCompile Include="StringHelper.cpp">
      <Filter>源文件\API</Filter>
    </ClCompile>
    <ClCompile Include="ConfigFile.cpp">
      <Filter>源文件\API</Filter>
    </ClCompile>
    <ClCompile Include="Md5.cpp">
      <Filter>源文件\API</Filter>
    </ClCompile>
    <ClCompile Include="MiscHelper.cpp">
      <Filter>源文件\API</Filter>
    </ClCompile>
    <ClCompile Include="ImageHelper.cpp">
      <Filter>源文件\API</Filter>
    </ClCompile>
    <ClCompile Include="NetworkHelper.cpp">
      <Filter>源文件\API</Filter>
    </ClCompile>
    <ClCompile Include="EventHelper.cpp">
      <Filter>源文件\API</Filter>
    </ClCompile>
    <ClCompile Include="ResizeControl.cpp">
      <Filter>源文件\API\UI</Filter>
    </ClCompile>
    <ClCompile Include="InputDlg.cpp">
      <Filter>源文件\API\UI\InputDlg</Filter>
    </ClCompile>
    <ClCompile Include="ListPage.cpp">
      <Filter>源文件\API\UI\ListPage</Filter>
    </ClCompile>
    <ClCompile Include="ListTestPage.cpp">
      <Filter>源文件\API\UI\ListPage</Filter>
    </ClCompile>
    <ClCompile Include="NormalListPage.cpp">
      <Filter>源文件\API\UI\ListPage</Filter>
    </ClCompile>
    <ClCompile Include="RegListPage.cpp">
      <Filter>源文件\API\UI\ListPage</Filter>
    </ClCompile>
    <ClCompile Include="NormalDlg.cpp">
      <Filter>源文件\API\UI\DlgBase</Filter>
    </ClCompile>
    <ClCompile Include="ModelessDlg.cpp">
      <Filter>源文件\API\UI\DlgBase</Filter>
    </ClCompile>
  </ItemGroup>
  <ItemGroup>
    <None Include="Helper.def">
      <Filter>源文件</Filter>
    </None>
    <None Include="res\Helper.rc2">
      <Filter>资源文件</Filter>
    </None>
  </ItemGroup>
  <ItemGroup>
    <ClInclude Include="stdafx.h">
      <Filter>头文件</Filter>
    </ClInclude>
    <ClInclude Include="targetver.h">
      <Filter>头文件</Filter>
    </ClInclude>
    <ClInclude Include="Resource.h">
      <Filter>头文件</Filter>
    </ClInclude>
    <ClInclude Include="API\ConfigFile.h">
      <Filter>头文件\API</Filter>
    </ClInclude>
    <ClInclude Include="API\StringHelper.h">
      <Filter>头文件\API</Filter>
    </ClInclude>
    <ClInclude Include="API\HelperCommon.h">
      <Filter>头文件\API</Filter>
    </ClInclude>
    <ClInclude Include="API\Md5.h">
      <Filter>头文件\API</Filter>
    </ClInclude>
    <ClInclude Include="API\MiscHelper.h">
      <Filter>头文件\API</Filter>
    </ClInclude>
    <ClInclude Include="API\ImageHelper.h">
      <Filter>头文件\API</Filter>
    </ClInclude>
    <ClInclude Include="API\NetworkHelper.h">
      <Filter>头文件\API</Filter>
    </ClInclude>
    <ClInclude Include="API\EventHelper.h">
      <Filter>头文件\API</Filter>
    </ClInclude>
    <ClInclude Include="API\BlockingQueue.h">
      <Filter>头文件\API</Filter>
    </ClInclude>
    <ClInclude Include="API\ResizeControl.h">
      <Filter>头文件\API\UI</Filter>
    </ClInclude>
    <ClInclude Include="API\InputDlg.h">
      <Filter>头文件\API\UI\InputDlg</Filter>
    </ClInclude>
    <ClInclude Include="API\RegListPage.h">
      <Filter>头文件\API\UI\ListPage</Filter>
    </ClInclude>
    <ClInclude Include="API\ListPage.h">
      <Filter>头文件\API\UI\ListPage</Filter>
    </ClInclude>
    <ClInclude Include="API\ListTestPage.h">
      <Filter>头文件\API\UI\ListPage</Filter>
    </ClInclude>
    <ClInclude Include="API\NormalListPage.h">
      <Filter>头文件\API\UI\ListPage</Filter>
    </ClInclude>
    <ClInclude Include="API\NormalDlg.h">
      <Filter>头文件\API\UI\DlgBase</Filter>
    </ClInclude>
    <ClInclude Include="API\ModelessDlg.h">
      <Filter>头文件\API\UI\DlgBase</Filter>
    </ClInclude>
  </ItemGroup>
  <ItemGroup>
    <ResourceCompile Include="Helper.rc">
      <Filter>资源文件</Filter>
    </ResourceCompile>
  </ItemGroup>
</Project>