
Microsoft Visual Studio Solution File, Format Version 12.00
# Visual Studio 2013
VisualStudioVersion = 12.0.21005.1
MinimumVisualStudioVersion = 10.0.40219.1
Project("{8BC9CEB8-8B4A-11D0-8D11-00A0C91BC942}") = "TiebaManager", "TiebaManager\TiebaManager.vcxproj", "{A4141D90-1EA4-4E10-84C3-79E11E265BA4}"
	ProjectSection(ProjectDependencies) = postProject
		{E044698A-11B2-4679-A29C-CAC352086FC7} = {E044698A-11B2-4679-A29C-CAC352086FC7}
		{FBE318AB-E302-49E5-9027-9291B2F92743} = {FBE318AB-E302-49E5-9027-9291B2F92743}
		{99E3B2B6-C3F7-473A-9505-C7BB8D81C7D1} = {99E3B2B6-C3F7-473A-9505-C7BB8D81C7D1}
	EndProjectSection
EndProject
Project("{8BC9CEB8-8B4A-11D0-8D11-00A0C91BC942}") = "Helper", "Helper\Helper.vcxproj", "{99E3B2B6-C3F7-473A-9505-C7BB8D81C7D1}"
EndProject
Project("{8BC9CEB8-8B4A-11D0-8D11-00A0C91BC942}") = "TiebaAPI", "TiebaAPI\TiebaAPI.vcxproj", "{FBE318AB-E302-49E5-9027-9291B2F92743}"
	ProjectSection(ProjectDependencies) = postProject
		{99E3B2B6-C3F7-473A-9505-C7BB8D81C7D1} = {99E3B2B6-C3F7-473A-9505-C7BB8D81C7D1}
	EndProjectSection
EndProject
Project("{8BC9CEB8-8B4A-11D0-8D11-00A0C91BC942}") = "TiebaManagerCore", "TiebaManagerCore\TiebaManagerCore.vcxproj", "{E044698A-11B2-4679-A29C-CAC352086FC7}"
	ProjectSection(ProjectDependencies) = postProject
		{FBE318AB-E302-49E5-9027-9291B2F92743} = {FBE318AB-E302-49E5-9027-9291B2F92743}
		{99E3B2B6-C3F7-473A-9505-C7BB8D81C7D1} = {99E3B2B6-C3F7-473A-9505-C7BB8D81C7D1}
	EndProjectSection
EndProject
Project("{2150E333-8FDC-42A3-9474-1A3956D46DE8}") = "Plugin", "Plugin", "{2CFA8D7C-8575-4F84-A921-4CB5990E826C}"
EndProject
Project("{8BC9CEB8-8B4A-11D0-8D11-00A0C91BC942}") = "LoopBan", "Plugin\LoopBan\LoopBan.vcxproj", "{587B69EB-0980-4E20-B5D1-9AC09A28DD09}"
	ProjectSection(ProjectDependencies) = postProject
		{E044698A-11B2-4679-A29C-CAC352086FC7} = {E044698A-11B2-4679-A29C-CAC352086FC7}
		{A4141D90-1EA4-4E10-84C3-79E11E265BA4} = {A4141D90-1EA4-4E10-84C3-79E11E265BA4}
		{FBE318AB-E302-49E5-9027-9291B2F92743} = {FBE318AB-E302-49E5-9027-9291B2F92743}
		{99E3B2B6-C3F7-473A-9505-C7BB8D81C7D1} = {99E3B2B6-C3F7-473A-9505-C7BB8D81C7D1}
	EndProjectSection
EndProject
Project("{8BC9CEB8-8B4A-11D0-8D11-00A0C91BC942}") = "Defriend", "Plugin\Defriend\Defriend.vcxproj", "{8E9CAC94-7CA2-432A-9C81-205D29145943}"
	ProjectSection(ProjectDependencies) = postProject
		{A4141D90-1EA4-4E10-84C3-79E11E265BA4} = {A4141D90-1EA4-4E10-84C3-79E11E265BA4}
		{FBE318AB-E302-49E5-9027-9291B2F92743} = {FBE318AB-E302-49E5-9027-9291B2F92743}
		{99E3B2B6-C3F7-473A-9505-C7BB8D81C7D1} = {99E3B2B6-C3F7-473A-9505-C7BB8D81C7D1}
	EndProjectSection
EndProject
Global
	GlobalSection(SolutionConfigurationPlatforms) = preSolution
		Debug|Win32 = Debug|Win32
		Release|Win32 = Release|Win32
	EndGlobalSection
	GlobalSection(ProjectConfigurationPlatforms) = postSolution
		{A4141D90-1EA4-4E10-84C3-79E11E265BA4}.Debug|Win32.ActiveCfg = Debug|Win32
		{A4141D90-1EA4-4E10-84C3-79E11E265BA4}.Debug|Win32.Build.0 = Debug|Win32
		{A4141D90-1EA4-4E10-84C3-79E11E265BA4}.Release|Win32.ActiveCfg = Release|Win32
		{A4141D90-1EA4-4E10-84C3-79E11E265BA4}.Release|Win32.Build.0 = Release|Win32
		{99E3B2B6-C3F7-473A-9505-C7BB8D81C7D1}.Debug|Win32.ActiveCfg = Debug|Win32
		{99E3B2B6-C3F7-473A-9505-C7BB8D81C7D1}.Debug|Win32.Build.0 = Debug|Win32
		{99E3B2B6-C3F7-473A-9505-C7BB8D81C7D1}.Release|Win32.ActiveCfg = Release|Win32
		{99E3B2B6-C3F7-473A-9505-C7BB8D81C7D1}.Release|Win32.Build.0 = Release|Win32
		{FBE318AB-E302-49E5-9027-9291B2F92743}.Debug|Win32.ActiveCfg = Debug|Win32
		{FBE318AB-E302-49E5-9027-9291B2F92743}.Debug|Win32.Build.0 = Debug|Win32
		{FBE318AB-E302-49E5-9027-9291B2F92743}.Release|Win32.ActiveCfg = Release|Win32
		{FBE318AB-E302-49E5-9027-9291B2F92743}.Release|Win32.Build.0 = Release|Win32
		{E044698A-11B2-4679-A29C-CAC352086FC7}.Debug|Win32.ActiveCfg = Debug|Win32
		{E044698A-11B2-4679-A29C-CAC352086FC7}.Debug|Win32.Build.0 = Debug|Win32
		{E044698A-11B2-4679-A29C-CAC352086FC7}.Release|Win32.ActiveCfg = Release|Win32
		{E044698A-11B2-4679-A29C-CAC352086FC7}.Release|Win32.Build.0 = Release|Win32
		{587B69EB-0980-4E20-B5D1-9AC09A28DD09}.Debug|Win32.ActiveCfg = Debug|Win32
		{587B69EB-0980-4E20-B5D1-9AC09A28DD09}.Debug|Win32.Build.0 = Debug|Win32
		{587B69EB-0980-4E20-B5D1-9AC09A28DD09}.Release|Win32.ActiveCfg = Release|Win32
		{587B69EB-0980-4E20-B5D1-9AC09A28DD09}.Release|Win32.Build.0 = Release|Win32
		{8E9CAC94-7CA2-432A-9C81-205D29145943}.Debug|Win32.ActiveCfg = Debug|Win32
		{8E9CAC94-7CA2-432A-9C81-205D29145943}.Debug|Win32.Build.0 = Debug|Win32
		{8E9CAC94-7CA2-432A-9C81-205D29145943}.Release|Win32.ActiveCfg = Release|Win32
		{8E9CAC94-7CA2-432A-9C81-205D29145943}.Release|Win32.Build.0 = Release|Win32
	EndGlobalSection
	GlobalSection(SolutionProperties) = preSolution
		HideSolutionNode = FALSE
	EndGlobalSection
	GlobalSection(NestedProjects) = preSolution
		{587B69EB-0980-4E20-B5D1-9AC09A28DD09} = {2CFA8D7C-8575-4F84-A921-4CB5990E826C}
		{8E9CAC94-7CA2-432A-9C81-205D29145943} = {2CFA8D7C-8575-4F84-A921-4CB5990E826C}
	EndGlobalSection
EndGlobal
