<?xml version="1.0" encoding="utf-8"?>
<Project ToolsVersion="4.0" xmlns="http://schemas.microsoft.com/developer/msbuild/2003">
  <ItemGroup>
    <Filter Include="源文件">
      <UniqueIdentifier>{4FC737F1-C7A5-4376-A066-2A32D752A2FF}</UniqueIdentifier>
      <Extensions>cpp;c;cc;cxx;def;odl;idl;hpj;bat;asm;asmx</Extensions>
    </Filter>
    <Filter Include="头文件">
      <UniqueIdentifier>{93995380-89BD-4b04-88EB-625FBE52EBFB}</UniqueIdentifier>
      <Extensions>h;hh;hpp;hxx;hm;inl;inc;xsd</Extensions>
    </Filter>
    <Filter Include="资源文件">
      <UniqueIdentifier>{67DA6AB6-F800-4c08-8B7A-83BB121AAD01}</UniqueIdentifier>
      <Extensions>rc;ico;cur;bmp;dlg;rc2;rct;bin;rgs;gif;jpg;jpeg;jpe;resx;tiff;tif;png;wav;mfcribbon-ms</Extensions>
    </Filter>
    <Filter Include="头文件\API">
      <UniqueIdentifier>{42cc226e-a959-4887-a247-b87a80aef2ee}</UniqueIdentifier>
    </Filter>
    <Filter Include="源文件\API">
      <UniqueIdentifier>{a1327302-0bd6-4bdc-8794-464b07d84c3a}</UniqueIdentifier>
    </Filter>
  </ItemGroup>
  <ItemGroup>
    <ClCompile Include="TiebaManagerCore.cpp">
      <Filter>源文件</Filter>
    </ClCompile>
    <ClCompile Include="dllmain.cpp">
      <Filter>源文件</Filter>
    </ClCompile>
    <ClCompile Include="stdafx.cpp">
      <Filter>源文件</Filter>
    </ClCompile>
    <ClCompile Include="TBMOperate.cpp">
      <Filter>源文件\API</Filter>
    </ClCompile>
    <ClCompile Include="TBMScan.cpp">
      <Filter>源文件\API</Filter>
    </ClCompile>
    <ClCompile Include="TBMCoreEvents.cpp">
      <Filter>源文件\API</Filter>
    </ClCompile>
    <ClCompile Include="TBMCoreRule.cpp">
      <Filter>源文件\API</Filter>
    </ClCompile>
    <ClCompile Include="TBMCoreRules.cpp">
      <Filter>源文件\API</Filter>
    </ClCompile>
    <ClCompile Include="TBMCoreListeners.cpp">
      <Filter>源文件</Filter>
    </ClCompile>
    <ClCompile Include="TBMCoreGlobal.cpp">
      <Filter>源文件\API</Filter>
    </ClCompile>
  </ItemGroup>
  <ItemGroup>
    <None Include="res\TiebaManagerCore.rc2">
      <Filter>资源文件</Filter>
    </None>
  </ItemGroup>
  <ItemGroup>
    <ClInclude Include="stdafx.h">
      <Filter>头文件</Filter>
    </ClInclude>
    <ClInclude Include="targetver.h">
      <Filter>头文件</Filter>
    </ClInclude>
    <ClInclude Include="Resource.h">
      <Filter>头文件</Filter>
    </ClInclude>
    <ClInclude Include="..\Include\TBMOperate.h">
      <Filter>头文件\API</Filter>
    </ClInclude>
    <ClInclude Include="..\Include\TBMScan.h">
      <Filter>头文件\API</Filter>
    </ClInclude>
    <ClInclude Include="..\Include\TiebaManagerCoreCommon.h">
      <Filter>头文件\API</Filter>
    </ClInclude>
    <ClInclude Include="..\Include\TBMCoreEvents.h">
      <Filter>头文件\API</Filter>
    </ClInclude>
    <ClInclude Include="..\Include\TBMCoreRule.h">
      <Filter>头文件\API</Filter>
    </ClInclude>
    <ClInclude Include="..\Include\TBMCoreRules.h">
      <Filter>头文件\API</Filter>
    </ClInclude>
    <ClInclude Include="TBMCoreListeners.h">
      <Filter>头文件</Filter>
    </ClInclude>
    <ClInclude Include="..\Include\TBMCoreGlobal.h">
      <Filter>头文件\API</Filter>
    </ClInclude>
  </ItemGroup>
  <ItemGroup>
    <ResourceCompile Include="TiebaManagerCore.rc">
      <Filter>资源文件</Filter>
    </ResourceCompile>
  </ItemGroup>
</Project>