<?xml version="1.0" encoding="utf-8"?>
<Project ToolsVersion="4.0" xmlns="http://schemas.microsoft.com/developer/msbuild/2003">
  <ItemGroup>
    <Filter Include="源文件">
      <UniqueIdentifier>{4FC737F1-C7A5-4376-A066-2A32D752A2FF}</UniqueIdentifier>
      <Extensions>cpp;c;cc;cxx;def;odl;idl;hpj;bat;asm;asmx</Extensions>
    </Filter>
    <Filter Include="头文件">
      <UniqueIdentifier>{93995380-89BD-4b04-88EB-625FBE52EBFB}</UniqueIdentifier>
      <Extensions>h;hh;hpp;hxx;hm;inl;inc;xsd</Extensions>
    </Filter>
    <Filter Include="资源文件">
      <UniqueIdentifier>{67DA6AB6-F800-4c08-8B7A-83BB121AAD01}</UniqueIdentifier>
      <Extensions>rc;ico;cur;bmp;dlg;rc2;rct;bin;rgs;gif;jpg;jpeg;jpe;resx;tiff;tif;png;wav;mfcribbon-ms</Extensions>
    </Filter>
    <Filter Include="头文件\Dialog">
      <UniqueIdentifier>{a59bd095-6dcc-4d3a-94ba-2500a67bdbeb}</UniqueIdentifier>
    </Filter>
    <Filter Include="源文件\Dialog">
      <UniqueIdentifier>{e81938cd-2fd1-4f21-9f11-91c8386c5d8a}</UniqueIdentifier>
    </Filter>
    <Filter Include="头文件\Global">
      <UniqueIdentifier>{8169cca8-3a81-4429-ac7d-2cb71c9b1334}</UniqueIdentifier>
    </Filter>
    <Filter Include="源文件\Global">
      <UniqueIdentifier>{428add1c-5e97-4533-9725-ab2c8c3583fd}</UniqueIdentifier>
    </Filter>
    <Filter Include="头文件\Dialog\Setting">
      <UniqueIdentifier>{00bf00b3-0753-4278-9737-3a07b382c026}</UniqueIdentifier>
    </Filter>
    <Filter Include="源文件\Dialog\Setting">
      <UniqueIdentifier>{24c46866-091f-4946-a9a7-390aa4582ec4}</UniqueIdentifier>
    </Filter>
    <Filter Include="头文件\Dialog\TiebaExplorer">
      <UniqueIdentifier>{765367cc-88df-4522-a069-ab963fa4457a}</UniqueIdentifier>
    </Filter>
    <Filter Include="源文件\Dialog\TiebaExplorer">
      <UniqueIdentifier>{c0d4b662-7847-45e1-873f-9ff3b66ce3e6}</UniqueIdentifier>
    </Filter>
    <Filter Include="头文件\Dialog\UI">
      <UniqueIdentifier>{4a72c8b2-5332-4604-95f9-9f761d9e9a3c}</UniqueIdentifier>
    </Filter>
    <Filter Include="源文件\Dialog\UI">
      <UniqueIdentifier>{5f92a814-ed20-4ebc-8d4f-560e1a02d9a9}</UniqueIdentifier>
    </Filter>
  </ItemGroup>
  <ItemGroup>
    <ClInclude Include="TiebaManager.h">
      <Filter>头文件</Filter>
    </ClInclude>
    <ClInclude Include="stdafx.h">
      <Filter>头文件</Filter>
    </ClInclude>
    <ClInclude Include="targetver.h">
      <Filter>头文件</Filter>
    </ClInclude>
    <ClInclude Include="Resource.h">
      <Filter>头文件</Filter>
    </ClInclude>
    <ClInclude Include="TiebaManagerDlg.h">
      <Filter>头文件\Dialog</Filter>
    </ClInclude>
    <ClInclude Include="Global.h">
      <Filter>头文件\Global</Filter>
    </ClInclude>
    <ClInclude Include="Setting.h">
      <Filter>头文件\Global</Filter>
    </ClInclude>
    <ClInclude Include="SettingDlg.h">
      <Filter>头文件\Dialog\Setting</Filter>
    </ClInclude>
    <ClInclude Include="PrefPage.h">
      <Filter>头文件\Dialog\Setting</Filter>
    </ClInclude>
    <ClInclude Include="ListPage.h">
      <Filter>头文件\Dialog\Setting</Filter>
    </ClInclude>
    <ClInclude Include="BlackListPage.h">
      <Filter>头文件\Dialog\Setting</Filter>
    </ClInclude>
    <ClInclude Include="KeywordsPage.h">
      <Filter>头文件\Dialog\Setting</Filter>
    </ClInclude>
    <ClInclude Include="WhiteListPage.h">
      <Filter>头文件\Dialog\Setting</Filter>
    </ClInclude>
    <ClInclude Include="WhiteContentPage.h">
      <Filter>头文件\Dialog\Setting</Filter>
    </ClInclude>
    <ClInclude Include="OptionsPage.h">
      <Filter>头文件\Dialog\Setting</Filter>
    </ClInclude>
    <ClInclude Include="AboutPage.h">
      <Filter>头文件\Dialog\Setting</Filter>
    </ClInclude>
    <ClInclude Include="Tieba.h">
      <Filter>头文件\Global</Filter>
    </ClInclude>
    <ClInclude Include="LoginDlg.h">
      <Filter>头文件\Dialog</Filter>
    </ClInclude>
    <ClInclude Include="ConfirmDlg.h">
      <Filter>头文件\Dialog</Filter>
    </ClInclude>
    <ClInclude Include="Update.h">
      <Filter>头文件\Global</Filter>
    </ClInclude>
    <ClInclude Include="UsersPage.h">
      <Filter>头文件\Dialog\Setting</Filter>
    </ClInclude>
    <ClInclude Include="ExplorerPage.h">
      <Filter>头文件\Dialog\TiebaExplorer</Filter>
    </ClInclude>
    <ClInclude Include="ExploreThreadPage.h">
      <Filter>头文件\Dialog\TiebaExplorer</Filter>
    </ClInclude>
    <ClInclude Include="ExplorerDlg.h">
      <Filter>头文件\Dialog\TiebaExplorer</Filter>
    </ClInclude>
    <ClInclude Include="ExploreLzlPage.h">
      <Filter>头文件\Dialog\TiebaExplorer</Filter>
    </ClInclude>
    <ClInclude Include="ExplorePostPage.h">
      <Filter>头文件\Dialog\TiebaExplorer</Filter>
    </ClInclude>
    <ClInclude Include="ImagePage.h">
      <Filter>头文件\Dialog\Setting</Filter>
    </ClInclude>
    <ClInclude Include="ScanImage.h">
      <Filter>头文件\Global</Filter>
    </ClInclude>
    <ClInclude Include="ImageViewDlg.h">
      <Filter>头文件\Dialog</Filter>
    </ClInclude>
    <ClInclude Include="TrustedThreadPage.h">
      <Filter>头文件\Dialog\Setting</Filter>
    </ClInclude>
    <ClInclude Include="explorer1.h">
      <Filter>头文件\Dialog\UI</Filter>
    </ClInclude>
    <ClInclude Include="TextButton.h">
      <Filter>头文件\Dialog\UI</Filter>
    </ClInclude>
  </ItemGroup>
  <ItemGroup>
    <ClCompile Include="TiebaManager.cpp">
      <Filter>源文件</Filter>
    </ClCompile>
    <ClCompile Include="stdafx.cpp">
      <Filter>源文件</Filter>
    </ClCompile>
    <ClCompile Include="TiebaManagerDlg.cpp">
      <Filter>源文件\Dialog</Filter>
    </ClCompile>
    <ClCompile Include="Setting.cpp">
      <Filter>源文件\Global</Filter>
    </ClCompile>
    <ClCompile Include="SettingDlg.cpp">
      <Filter>源文件\Dialog\Setting</Filter>
    </ClCompile>
    <ClCompile Include="PrefPage.cpp">
      <Filter>源文件\Dialog\Setting</Filter>
    </ClCompile>
    <ClCompile Include="ListPage.cpp">
      <Filter>源文件\Dialog\Setting</Filter>
    </ClCompile>
    <ClCompile Include="BlackListPage.cpp">
      <Filter>源文件\Dialog\Setting</Filter>
    </ClCompile>
    <ClCompile Include="KeywordsPage.cpp">
      <Filter>源文件\Dialog\Setting</Filter>
    </ClCompile>
    <ClCompile Include="WhiteListPage.cpp">
      <Filter>源文件\Dialog\Setting</Filter>
    </ClCompile>
    <ClCompile Include="WhiteContentPage.cpp">
      <Filter>源文件\Dialog\Setting</Filter>
    </ClCompile>
    <ClCompile Include="OptionsPage.cpp">
      <Filter>源文件\Dialog\Setting</Filter>
    </ClCompile>
    <ClCompile Include="AboutPage.cpp">
      <Filter>源文件\Dialog\Setting</Filter>
    </ClCompile>
    <ClCompile Include="Tieba.cpp">
      <Filter>源文件\Global</Filter>
    </ClCompile>
    <ClCompile Include="LoginDlg.cpp">
      <Filter>源文件\Dialog</Filter>
    </ClCompile>
    <ClCompile Include="ConfirmDlg.cpp">
      <Filter>源文件\Dialog</Filter>
    </ClCompile>
    <ClCompile Include="Update.cpp">
      <Filter>源文件\Global</Filter>
    </ClCompile>
    <ClCompile Include="UsersPage.cpp">
      <Filter>源文件\Dialog\Setting</Filter>
    </ClCompile>
    <ClCompile Include="ExplorerPage.cpp">
      <Filter>源文件\Dialog\TiebaExplorer</Filter>
    </ClCompile>
    <ClCompile Include="ExploreThreadPage.cpp">
      <Filter>源文件\Dialog\TiebaExplorer</Filter>
    </ClCompile>
    <ClCompile Include="ExplorerDlg.cpp">
      <Filter>源文件\Dialog\TiebaExplorer</Filter>
    </ClCompile>
    <ClCompile Include="ExploreLzlPage.cpp">
      <Filter>源文件\Dialog\TiebaExplorer</Filter>
    </ClCompile>
    <ClCompile Include="ExplorePostPage.cpp">
      <Filter>源文件\Dialog\TiebaExplorer</Filter>
    </ClCompile>
    <ClCompile Include="ImagePage.cpp">
      <Filter>源文件\Dialog\Setting</Filter>
    </ClCompile>
    <ClCompile Include="ScanImage.cpp">
      <Filter>源文件\Global</Filter>
    </ClCompile>
    <ClCompile Include="ImageViewDlg.cpp">
      <Filter>源文件\Dialog</Filter>
    </ClCompile>
    <ClCompile Include="Global.cpp">
      <Filter>源文件\Global</Filter>
    </ClCompile>
    <ClCompile Include="TrustedThreadPage.cpp">
      <Filter>源文件\Dialog\Setting</Filter>
    </ClCompile>
    <ClCompile Include="explorer1.cpp">
      <Filter>源文件\Dialog\UI</Filter>
    </ClCompile>
    <ClCompile Include="TextButton.cpp">
      <Filter>源文件\Dialog\UI</Filter>
    </ClCompile>
  </ItemGroup>
  <ItemGroup>
    <ResourceCompile Include="TiebaManager.rc">
      <Filter>资源文件</Filter>
    </ResourceCompile>
  </ItemGroup>
  <ItemGroup>
    <None Include="res\TiebaManager.rc2">
      <Filter>资源文件</Filter>
    </None>
  </ItemGroup>
  <ItemGroup>
    <Image Include="res\TiebaManager.ico">
      <Filter>资源文件</Filter>
    </Image>
    <Image Include="res\TrayIcon.ico">
      <Filter>资源文件</Filter>
    </Image>
  </ItemGroup>
</Project>