<?xml version="1.0" encoding="utf-8"?>
<Project ToolsVersion="4.0" xmlns="http://schemas.microsoft.com/developer/msbuild/2003">
  <ItemGroup>
    <Filter Include="源文件">
      <UniqueIdentifier>{4FC737F1-C7A5-4376-A066-2A32D752A2FF}</UniqueIdentifier>
      <Extensions>cpp;c;cc;cxx;def;odl;idl;hpj;bat;asm;asmx</Extensions>
    </Filter>
    <Filter Include="头文件">
      <UniqueIdentifier>{93995380-89BD-4b04-88EB-625FBE52EBFB}</UniqueIdentifier>
      <Extensions>h;hh;hpp;hxx;hm;inl;inc;xsd</Extensions>
    </Filter>
    <Filter Include="资源文件">
      <UniqueIdentifier>{67DA6AB6-F800-4c08-8B7A-83BB121AAD01}</UniqueIdentifier>
      <Extensions>rc;ico;cur;bmp;dlg;rc2;rct;bin;rgs;gif;jpg;jpeg;jpe;resx;tiff;tif;png;wav;mfcribbon-ms</Extensions>
    </Filter>
    <Filter Include="头文件\Helper">
      <UniqueIdentifier>{f6b833c5-6084-445f-bf59-bbd2b3d45d17}</UniqueIdentifier>
    </Filter>
    <Filter Include="源文件\Helper">
      <UniqueIdentifier>{2d735068-f5a1-4836-ad11-184c413fb3b4}</UniqueIdentifier>
    </Filter>
    <Filter Include="头文件\GUI">
      <UniqueIdentifier>{a59bd095-6dcc-4d3a-94ba-2500a67bdbeb}</UniqueIdentifier>
    </Filter>
    <Filter Include="头文件\GUI\Setting">
      <UniqueIdentifier>{00bf00b3-0753-4278-9737-3a07b382c026}</UniqueIdentifier>
    </Filter>
    <Filter Include="头文件\GUI\TiebaExplorer">
      <UniqueIdentifier>{765367cc-88df-4522-a069-ab963fa4457a}</UniqueIdentifier>
    </Filter>
    <Filter Include="头文件\GUI\UIHelper">
      <UniqueIdentifier>{4a72c8b2-5332-4604-95f9-9f761d9e9a3c}</UniqueIdentifier>
    </Filter>
    <Filter Include="源文件\GUI">
      <UniqueIdentifier>{e81938cd-2fd1-4f21-9f11-91c8386c5d8a}</UniqueIdentifier>
    </Filter>
    <Filter Include="源文件\GUI\Setting">
      <UniqueIdentifier>{24c46866-091f-4946-a9a7-390aa4582ec4}</UniqueIdentifier>
    </Filter>
    <Filter Include="源文件\GUI\TiebaExplorer">
      <UniqueIdentifier>{c0d4b662-7847-45e1-873f-9ff3b66ce3e6}</UniqueIdentifier>
    </Filter>
    <Filter Include="源文件\GUI\UIHelper">
      <UniqueIdentifier>{5f92a814-ed20-4ebc-8d4f-560e1a02d9a9}</UniqueIdentifier>
    </Filter>
    <Filter Include="头文件\GUI\UIHelper\InputDlg">
      <UniqueIdentifier>{7f818a4a-d7ae-4cd1-9295-6ecfd60ba343}</UniqueIdentifier>
    </Filter>
    <Filter Include="源文件\GUI\UIHelper\InputDlg">
      <UniqueIdentifier>{d67ed370-7061-4e2d-989a-1cca03ca8262}</UniqueIdentifier>
    </Filter>
    <Filter Include="头文件\API">
      <UniqueIdentifier>{bbcc7758-dc62-4f83-b404-c9842ebbd3dd}</UniqueIdentifier>
    </Filter>
    <Filter Include="源文件\API">
      <UniqueIdentifier>{221d2e54-0bbb-47de-aa55-4398bc1a30a4}</UniqueIdentifier>
    </Filter>
    <Filter Include="源文件\Event">
      <UniqueIdentifier>{61b96252-7cbb-47ee-91f4-5244d84edb41}</UniqueIdentifier>
    </Filter>
    <Filter Include="头文件\Event">
      <UniqueIdentifier>{0b3266a7-e269-4104-9b92-22c84540524a}</UniqueIdentifier>
    </Filter>
    <Filter Include="头文件\Config">
      <UniqueIdentifier>{58b6d463-cd2f-4ec9-9d8d-7f899f83826f}</UniqueIdentifier>
    </Filter>
    <Filter Include="源文件\Config">
      <UniqueIdentifier>{e4de78a8-bc57-4e5c-9116-7216938abea6}</UniqueIdentifier>
    </Filter>
    <Filter Include="头文件\Plugin">
      <UniqueIdentifier>{6e324abd-5f81-43ef-a975-44719f412e61}</UniqueIdentifier>
    </Filter>
    <Filter Include="源文件\Plugin">
      <UniqueIdentifier>{87cce4d1-a426-4a61-bd2b-60df129c4bd8}</UniqueIdentifier>
    </Filter>
  </ItemGroup>
  <ItemGroup>
    <ClInclude Include="TiebaManager.h">
      <Filter>头文件</Filter>
    </ClInclude>
    <ClInclude Include="stdafx.h">
      <Filter>头文件</Filter>
    </ClInclude>
    <ClInclude Include="targetver.h">
      <Filter>头文件</Filter>
    </ClInclude>
    <ClInclude Include="Resource.h">
      <Filter>头文件</Filter>
    </ClInclude>
    <ClInclude Include="TiebaManagerDlg.h">
      <Filter>头文件\GUI</Filter>
    </ClInclude>
    <ClInclude Include="SettingDlg.h">
      <Filter>头文件\GUI\Setting</Filter>
    </ClInclude>
    <ClInclude Include="BlackListPage.h">
      <Filter>头文件\GUI\Setting</Filter>
    </ClInclude>
    <ClInclude Include="KeywordsPage.h">
      <Filter>头文件\GUI\Setting</Filter>
    </ClInclude>
    <ClInclude Include="WhiteContentPage.h">
      <Filter>头文件\GUI\Setting</Filter>
    </ClInclude>
    <ClInclude Include="OptionsPage.h">
      <Filter>头文件\GUI\Setting</Filter>
    </ClInclude>
    <ClInclude Include="AboutPage.h">
      <Filter>头文件\GUI\Setting</Filter>
    </ClInclude>
    <ClInclude Include="LoginDlg.h">
      <Filter>头文件\GUI</Filter>
    </ClInclude>
    <ClInclude Include="ConfirmDlg.h">
      <Filter>头文件\GUI</Filter>
    </ClInclude>
    <ClInclude Include="UsersPage.h">
      <Filter>头文件\GUI\Setting</Filter>
    </ClInclude>
    <ClInclude Include="ExplorerPage.h">
      <Filter>头文件\GUI\TiebaExplorer</Filter>
    </ClInclude>
    <ClInclude Include="ExploreThreadPage.h">
      <Filter>头文件\GUI\TiebaExplorer</Filter>
    </ClInclude>
    <ClInclude Include="ExplorerDlg.h">
      <Filter>头文件\GUI\TiebaExplorer</Filter>
    </ClInclude>
    <ClInclude Include="ExploreLzlPage.h">
      <Filter>头文件\GUI\TiebaExplorer</Filter>
    </ClInclude>
    <ClInclude Include="ExplorePostPage.h">
      <Filter>头文件\GUI\TiebaExplorer</Filter>
    </ClInclude>
    <ClInclude Include="ImagePage.h">
      <Filter>头文件\GUI\Setting</Filter>
    </ClInclude>
    <ClInclude Include="ImageViewDlg.h">
      <Filter>头文件\GUI</Filter>
    </ClInclude>
    <ClInclude Include="explorer1.h">
      <Filter>头文件\GUI\UIHelper</Filter>
    </ClInclude>
    <ClInclude Include="TextButton.h">
      <Filter>头文件\GUI\UIHelper</Filter>
    </ClInclude>
    <ClInclude Include="ScanPage.h">
      <Filter>头文件\GUI\Setting</Filter>
    </ClInclude>
    <ClInclude Include="OperatePage.h">
      <Filter>头文件\GUI\Setting</Filter>
    </ClInclude>
    <ClInclude Include="Update.h">
      <Filter>头文件\Helper</Filter>
    </ClInclude>
    <ClInclude Include="ScanImage.h">
      <Filter>头文件\Helper</Filter>
    </ClInclude>
    <ClInclude Include="InputKeywordDlg.h">
      <Filter>头文件\GUI\UIHelper\InputDlg</Filter>
    </ClInclude>
    <ClInclude Include="API\TiebaManagerCommon.h">
      <Filter>头文件\API</Filter>
    </ClInclude>
    <ClInclude Include="TBMOperateListeners.h">
      <Filter>头文件\Event</Filter>
    </ClInclude>
    <ClInclude Include="TBMScanListeners.h">
      <Filter>头文件\Event</Filter>
    </ClInclude>
    <ClInclude Include="TBMConfig.h">
      <Filter>头文件\Config</Filter>
    </ClInclude>
    <ClInclude Include="TBMConfigPath.h">
      <Filter>头文件\Config</Filter>
    </ClInclude>
    <ClInclude Include="ConfigHelper.h">
      <Filter>头文件\Config</Filter>
    </ClInclude>
    <ClInclude Include="ExplorerLog.h">
      <Filter>头文件\Helper</Filter>
    </ClInclude>
    <ClInclude Include="PluginManager.h">
      <Filter>头文件\Plugin</Filter>
    </ClInclude>
    <ClInclude Include="Plugin.h">
      <Filter>头文件\Plugin</Filter>
    </ClInclude>
    <ClInclude Include="API\PluginFunctions.h">
      <Filter>头文件\API</Filter>
    </ClInclude>
    <ClInclude Include="API\TBMEvent.h">
      <Filter>头文件\API</Filter>
    </ClInclude>
    <ClInclude Include="API\TBMAPI.h">
      <Filter>头文件\API</Filter>
    </ClInclude>
    <ClInclude Include="PluginDlg.h">
      <Filter>头文件\GUI</Filter>
    </ClInclude>
    <ClInclude Include="TBMListeners.h">
      <Filter>头文件\Event</Filter>
    </ClInclude>
  </ItemGroup>
  <ItemGroup>
    <ClCompile Include="TiebaManager.cpp">
      <Filter>源文件</Filter>
    </ClCompile>
    <ClCompile Include="stdafx.cpp">
      <Filter>源文件</Filter>
    </ClCompile>
    <ClCompile Include="TiebaManagerDlg.cpp">
      <Filter>源文件\GUI</Filter>
    </ClCompile>
    <ClCompile Include="SettingDlg.cpp">
      <Filter>源文件\GUI\Setting</Filter>
    </ClCompile>
    <ClCompile Include="BlackListPage.cpp">
      <Filter>源文件\GUI\Setting</Filter>
    </ClCompile>
    <ClCompile Include="KeywordsPage.cpp">
      <Filter>源文件\GUI\Setting</Filter>
    </ClCompile>
    <ClCompile Include="WhiteContentPage.cpp">
      <Filter>源文件\GUI\Setting</Filter>
    </ClCompile>
    <ClCompile Include="OptionsPage.cpp">
      <Filter>源文件\GUI\Setting</Filter>
    </ClCompile>
    <ClCompile Include="AboutPage.cpp">
      <Filter>源文件\GUI\Setting</Filter>
    </ClCompile>
    <ClCompile Include="LoginDlg.cpp">
      <Filter>源文件\GUI</Filter>
    </ClCompile>
    <ClCompile Include="ConfirmDlg.cpp">
      <Filter>源文件\GUI</Filter>
    </ClCompile>
    <ClCompile Include="UsersPage.cpp">
      <Filter>源文件\GUI\Setting</Filter>
    </ClCompile>
    <ClCompile Include="ExplorerPage.cpp">
      <Filter>源文件\GUI\TiebaExplorer</Filter>
    </ClCompile>
    <ClCompile Include="ExploreThreadPage.cpp">
      <Filter>源文件\GUI\TiebaExplorer</Filter>
    </ClCompile>
    <ClCompile Include="ExplorerDlg.cpp">
      <Filter>源文件\GUI\TiebaExplorer</Filter>
    </ClCompile>
    <ClCompile Include="ExploreLzlPage.cpp">
      <Filter>源文件\GUI\TiebaExplorer</Filter>
    </ClCompile>
    <ClCompile Include="ExplorePostPage.cpp">
      <Filter>源文件\GUI\TiebaExplorer</Filter>
    </ClCompile>
    <ClCompile Include="ImagePage.cpp">
      <Filter>源文件\GUI\Setting</Filter>
    </ClCompile>
    <ClCompile Include="ImageViewDlg.cpp">
      <Filter>源文件\GUI</Filter>
    </ClCompile>
    <ClCompile Include="explorer1.cpp">
      <Filter>源文件\GUI\UIHelper</Filter>
    </ClCompile>
    <ClCompile Include="TextButton.cpp">
      <Filter>源文件\GUI\UIHelper</Filter>
    </ClCompile>
    <ClCompile Include="ScanPage.cpp">
      <Filter>源文件\GUI\Setting</Filter>
    </ClCompile>
    <ClCompile Include="OperatePage.cpp">
      <Filter>源文件\GUI\Setting</Filter>
    </ClCompile>
    <ClCompile Include="Update.cpp">
      <Filter>源文件\Helper</Filter>
    </ClCompile>
    <ClCompile Include="ScanImage.cpp">
      <Filter>源文件\Helper</Filter>
    </ClCompile>
    <ClCompile Include="InputKeywordDlg.cpp">
      <Filter>源文件\GUI\UIHelper\InputDlg</Filter>
    </ClCompile>
    <ClCompile Include="TBMScanListeners.cpp">
      <Filter>源文件\Event</Filter>
    </ClCompile>
    <ClCompile Include="TBMOperateListeners.cpp">
      <Filter>源文件\Event</Filter>
    </ClCompile>
    <ClCompile Include="TBMConfig.cpp">
      <Filter>源文件\Config</Filter>
    </ClCompile>
    <ClCompile Include="TBMConfigPath.cpp">
      <Filter>源文件\Config</Filter>
    </ClCompile>
    <ClCompile Include="ConfigHelper.cpp">
      <Filter>源文件\Config</Filter>
    </ClCompile>
    <ClCompile Include="ExplorerLog.cpp">
      <Filter>源文件\Helper</Filter>
    </ClCompile>
    <ClCompile Include="PluginManager.cpp">
      <Filter>源文件\Plugin</Filter>
    </ClCompile>
    <ClCompile Include="Plugin.cpp">
      <Filter>源文件\Plugin</Filter>
    </ClCompile>
    <ClCompile Include="TBMEvent.cpp">
      <Filter>源文件\API</Filter>
    </ClCompile>
    <ClCompile Include="TBMAPI.cpp">
      <Filter>源文件\API</Filter>
    </ClCompile>
    <ClCompile Include="PluginDlg.cpp">
      <Filter>源文件\GUI</Filter>
    </ClCompile>
    <ClCompile Include="TBMListeners.cpp">
      <Filter>源文件\Event</Filter>
    </ClCompile>
  </ItemGroup>
  <ItemGroup>
    <ResourceCompile Include="TiebaManager.rc">
      <Filter>资源文件</Filter>
    </ResourceCompile>
  </ItemGroup>
  <ItemGroup>
    <None Include="res\TiebaManager.rc2">
      <Filter>资源文件</Filter>
    </None>
  </ItemGroup>
  <ItemGroup>
    <Image Include="res\TiebaManager.ico">
      <Filter>资源文件</Filter>
    </Image>
    <Image Include="res\TrayIcon.ico">
      <Filter>资源文件</Filter>
    </Image>
  </ItemGroup>
</Project>